Microsoft Visual Studio Solution File, Format Version 12.00
# Visual Studio Version 17
VisualStudioVersion = 17.5.2.0
MinimumVisualStudioVersion = 10.0.40219.1
Project("{FAE04EC0-301F-11D3-BF4B-00C04F79EFBC}") = "ProyectoCatedra", "ProyectoCatedra.csproj", "{61E939BA-9D64-243C-EE8A-F6B3774FFF66}"
EndProject
Global
	GlobalSection(SolutionConfigurationPlatforms) = preSolution
		Debug|Any CPU = Debug|Any CPU
		Release|Any CPU = Release|Any CPU
	EndGlobalSection
	GlobalSection(ProjectConfigurationPlatforms) = postSolution
		{61E939BA-9D64-243C-EE8A-F6B3774FFF66}.Debug|Any CPU.ActiveCfg = Debug|Any CPU
		{61E939BA-9D64-243C-EE8A-F6B3774FFF66}.Debug|Any CPU.Build.0 = Debug|Any CPU
		{61E939BA-9D64-243C-EE8A-F6B3774FFF66}.Release|Any CPU.ActiveCfg = Release|Any CPU
		{61E939BA-9D64-243C-EE8A-F6B3774FFF66}.Release|Any CPU.Build.0 = Release|Any CPU
	EndGlobalSection
	GlobalSection(SolutionProperties) = preSolution
		HideSolutionNode = FALSE
	EndGlobalSection
	GlobalSection(ExtensibilityGlobals) = postSolution
		SolutionGuid = {339A68DC-AB1E-4A4A-856E-93FB10D04CFC}
	EndGlobalSection
EndGlobal
